{
  "name": "client",
  "version": "0.1.0",
  "lockfileVersion": 1,
  "requires": true,
  "dependencies": {
    "redux-devise-axios": {
      "version": "0.0.4",
      "resolved": "https://registry.npmjs.org/redux-devise-axios/-/redux-devise-axios-0.0.4.tgz",
      "integrity": "sha512-Tuz1GypDorC1M3J6doLC9hhzdNMp9vd2HQduwYrshO2+eaERwga6z5nsZXM3Pyk39mjc4V97w0z8mdbFd8sZwQ=="
    }
  }
}
